
Microsoft Visual Studio Solution File, Format Version 12.00
# Visual Studio 14
VisualStudioVersion = 14.0.23107.0
MinimumVisualStudioVersion = 10.0.40219.1
Project("{8BC9CEB8-8B4A-11D0-8D11-00A0C91BC942}") = "HHMD", "HHMD\HHMD.vcxproj", "{86787A9C-A4C6-4B39-AFF3-1510E7BB2EE4}"
EndProject
Global
	GlobalSection(SolutionConfigurationPlatforms) = preSolution
		Debug|Win32 = Debug|Win32
		Debug|x64 = Debug|x64
		Release|Win32 = Release|Win32
		Release|x64 = Release|x64
	EndGlobalSection
	GlobalSection(ProjectConfigurationPlatforms) = postSolution
		{86787A9C-A4C6-4B39-AFF3-1510E7BB2EE4}.Debug|Win32.ActiveCfg = Debug|Win32
		{86787A9C-A4C6-4B39-AFF3-1510E7BB2EE4}.Debug|Win32.Build.0 = Debug|Win32
		{86787A9C-A4C6-4B39-AFF3-1510E7BB2EE4}.Debug|x64.ActiveCfg = Debug|x64
		{86787A9C-A4C6-4B39-AFF3-1510E7BB2EE4}.Debug|x64.Build.0 = Debug|x64
		{86787A9C-A4C6-4B39-AFF3-1510E7BB2EE4}.Release|Win32.ActiveCfg = Release|Win32
		{86787A9C-A4C6-4B39-AFF3-1510E7BB2EE4}.Release|Win32.Build.0 = Release|Win32
		{86787A9C-A4C6-4B39-AFF3-1510E7BB2EE4}.Release|x64.ActiveCfg = Release|x64
		{86787A9C-A4C6-4B39-AFF3-1510E7BB2EE4}.Release|x64.Build.0 = Release|x64
	EndGlobalSection
	GlobalSection(SolutionProperties) = preSolution
		HideSolutionNode = FALSE
	EndGlobalSection
EndGlobal
